
Microsoft Visual Studio Solution File, Format Version 12.00
# Visual Studio Version 17
VisualStudioVersion = 17.5.33530.505
MinimumVisualStudioVersion = 10.0.40219.1
Project("{FAE04EC0-301F-11D3-BF4B-00C04F79EFBC}") = "MultiPlat_W", "MultiPlat_W.csproj", "{DB98E9F1-1B4D-4DB1-9581-3F94E55398CE}"
EndProject
Global
	GlobalSection(SolutionConfigurationPlatforms) = preSolution
		Debug|Any CPU = Debug|Any CPU
		Release|Any CPU = Release|Any CPU
	EndGlobalSection
	GlobalSection(ProjectConfigurationPlatforms) = postSolution
		{DB98E9F1-1B4D-4DB1-9581-3F94E55398CE}.Debug|Any CPU.ActiveCfg = Debug|Any CPU
		{DB98E9F1-1B4D-4DB1-9581-3F94E55398CE}.Debug|Any CPU.Build.0 = Debug|Any CPU
		{DB98E9F1-1B4D-4DB1-9581-3F94E55398CE}.Release|Any CPU.ActiveCfg = Release|Any CPU
		{DB98E9F1-1B4D-4DB1-9581-3F94E55398CE}.Release|Any CPU.Build.0 = Release|Any CPU
	EndGlobalSection
	GlobalSection(SolutionProperties) = preSolution
		HideSolutionNode = FALSE
	EndGlobalSection
	GlobalSection(ExtensibilityGlobals) = postSolution
		SolutionGuid = {1E22B9A4-4E20-428B-AADB-5DC0F18AB62A}
	EndGlobalSection
EndGlobal
